
Microsoft Visual Studio Solution File, Format Version 12.00
# Visual Studio Version 16
VisualStudioVersion = 16.0.30621.155
MinimumVisualStudioVersion = 10.0.40219.1
Project("{FAE04EC0-301F-11D3-BF4B-00C04F79EFBC}") = "PhoneService_API", "PhoneService_API\PhoneService_API.csproj", "{EA5AC05A-8C7E-46D2-B7EF-A2D3300827BA}"
EndProject
Global
	GlobalSection(SolutionConfigurationPlatforms) = preSolution
		Debug|Any CPU = Debug|Any CPU
		Release|Any CPU = Release|Any CPU
	EndGlobalSection
	GlobalSection(ProjectConfigurationPlatforms) = postSolution
		{EA5AC05A-8C7E-46D2-B7EF-A2D3300827BA}.Debug|Any CPU.ActiveCfg = Debug|Any CPU
		{EA5AC05A-8C7E-46D2-B7EF-A2D3300827BA}.Debug|Any CPU.Build.0 = Debug|Any CPU
		{EA5AC05A-8C7E-46D2-B7EF-A2D3300827BA}.Release|Any CPU.ActiveCfg = Release|Any CPU
		{EA5AC05A-8C7E-46D2-B7EF-A2D3300827BA}.Release|Any CPU.Build.0 = Release|Any CPU
	EndGlobalSection
	GlobalSection(SolutionProperties) = preSolution
		HideSolutionNode = FALSE
	EndGlobalSection
	GlobalSection(ExtensibilityGlobals) = postSolution
		SolutionGuid = {47A6F5E1-43FB-4FEF-A4E3-FF86B47E3711}
	EndGlobalSection
EndGlobal
